// !$*UTF8*$!
{
	archiveVersion = 1;
	classes = {
	};
	objectVersion = 56;
	objects = {

/* Begin PBXBuildFile section */
		AB0F568E2979FD96008C3264 /* SphereCubeApp.swift in Sources */ = {isa = PBXBuildFile; fileRef = AB0F568D2979FD96008C3264 /* SphereCubeApp.swift */; };
		AB0F56902979FD96008C3264 /* ContentView.swift in Sources */ = {isa = PBXBuildFile; fileRef = AB0F568F2979FD96008C3264 /* ContentView.swift */; };
		AB0F56922979FD97008C3264 /* Assets.xcassets in Resources */ = {isa = PBXBuildFile; fileRef = AB0F56912979FD97008C3264 /* Assets.xcassets */; };
		AB0F56962979FD97008C3264 /* Preview Assets.xcassets in Resources */ = {isa = PBXBuildFile; fileRef = AB0F56952979FD97008C3264 /* Preview Assets.xcassets */; };
		AB0F56A02979FD97008C3264 /* SphereCubeTests.swift in Sources */ = {isa = PBXBuildFile; fileRef = AB0F569F2979FD97008C3264 /* SphereCubeTests.swift */; };
		AB0F56AA2979FD97008C3264 /* SphereCubeUITests.swift in Sources */ = {isa = PBXBuildFile; fileRef = AB0F56A92979FD97008C3264 /* SphereCubeUITests.swift */; };
		AB0F56AC2979FD97008C3264 /* SphereCubeUITestsLaunchTests.swift in Sources */ = {isa = PBXBuildFile; fileRef = AB0F56AB2979FD97008C3264 /* SphereCubeUITestsLaunchTests.swift */; };
		AB0F56B9297A02C1008C3264 /* SphereParameters.swift in Sources */ = {isa = PBXBuildFile; fileRef = AB0F56B8297A02C1008C3264 /* SphereParameters.swift */; };
		AB0F56BA297A02C1008C3264 /* SphereParameters.swift in Sources */ = {isa = PBXBuildFile; fileRef = AB0F56B8297A02C1008C3264 /* SphereParameters.swift */; };
		AB0F56BB297A02C1008C3264 /* SphereParameters.swift in Sources */ = {isa = PBXBuildFile; fileRef = AB0F56B8297A02C1008C3264 /* SphereParameters.swift */; };
		AB0F56BD297A03CD008C3264 /* CubeParameters.swift in Sources */ = {isa = PBXBuildFile; fileRef = AB0F56BC297A03CD008C3264 /* CubeParameters.swift */; };
		AB0F56BE297A03CD008C3264 /* CubeParameters.swift in Sources */ = {isa = PBXBuildFile; fileRef = AB0F56BC297A03CD008C3264 /* CubeParameters.swift */; };
		AB0F56BF297A03CD008C3264 /* CubeParameters.swift in Sources */ = {isa = PBXBuildFile; fileRef = AB0F56BC297A03CD008C3264 /* CubeParameters.swift */; };
		AB0F56C1297A0992008C3264 /* Terrys code.swift in Sources */ = {isa = PBXBuildFile; fileRef = AB0F56C0297A0992008C3264 /* Terrys code.swift */; };
		AB0F56C2297A0992008C3264 /* Terrys code.swift in Sources */ = {isa = PBXBuildFile; fileRef = AB0F56C0297A0992008C3264 /* Terrys code.swift */; };
		AB0F56C3297A0992008C3264 /* Terrys code.swift in Sources */ = {isa = PBXBuildFile; fileRef = AB0F56C0297A0992008C3264 /* Terrys code.swift */; };
/* End PBXBuildFile section */

/* Begin PBXContainerItemProxy section */
		AB0F569C2979FD97008C3264 /* PBXContainerItemProxy */ = {
			isa = PBXContainerItemProxy;
			containerPortal = AB0F56822979FD96008C3264 /* Project object */;
			proxyType = 1;
			remoteGlobalIDString = AB0F56892979FD96008C3264;
			remoteInfo = SphereCube;
		};
		AB0F56A62979FD97008C3264 /* PBXContainerItemProxy */ = {
			isa = PBXContainerItemProxy;
			containerPortal = AB0F56822979FD96008C3264 /* Project object */;
			proxyType = 1;
			remoteGlobalIDString = AB0F56892979FD96008C3264;
			remoteInfo = SphereCube;
		};
/* End PBXContainerItemProxy section */

/* Begin PBXFileReference section */
		AB0F568A2979FD96008C3264 /* SphereCube.app */ = {isa = PBXFileReference; explicitFileType = wrapper.application; includeInIndex = 0; path = SphereCube.app; sourceTree = BUILT_PRODUCTS_DIR; };
		AB0F568D2979FD96008C3264 /* SphereCubeApp.swift */ = {isa = PBXFileReference; lastKnownFileType = sourcecode.swift; path = SphereCubeApp.swift; sourceTree = "<group>"; };
		AB0F568F2979FD96008C3264 /* ContentView.swift */ = {isa = PBXFileReference; lastKnownFileType = sourcecode.swift; path = ContentView.swift; sourceTree = "<group>"; };
		AB0F56912979FD97008C3264 /* Assets.xcassets */ = {isa = PBXFileReference; lastKnownFileType = folder.assetcatalog; path = Assets.xcassets; sourceTree = "<group>"; };
		AB0F56932979FD97008C3264 /* SphereCube.entitlements */ = {isa = PBXFileReference; lastKnownFileType = text.plist.entitlements; path = SphereCube.entitlements; sourceTree = "<group>"; };
		AB0F56952979FD97008C3264 /* Preview Assets.xcassets */ = {isa = PBXFileReference; lastKnownFileType = folder.assetcatalog; path = "Preview Assets.xcassets"; sourceTree = "<group>"; };
		AB0F569B2979FD97008C3264 /* SphereCubeTests.xctest */ = {isa = PBXFileReference; explicitFileType = wrapper.cfbundle; includeInIndex = 0; path = SphereCubeTests.xctest; sourceTree = BUILT_PRODUCTS_DIR; };
		AB0F569F2979FD97008C3264 /* SphereCubeTests.swift */ = {isa = PBXFileReference; lastKnownFileType = sourcecode.swift; path = SphereCubeTests.swift; sourceTree = "<group>"; };
		AB0F56A52979FD97008C3264 /* SphereCubeUITests.xctest */ = {isa = PBXFileReference; explicitFileType = wrapper.cfbundle; includeInIndex = 0; path = SphereCubeUITests.xctest; sourceTree = BUILT_PRODUCTS_DIR; };
		AB0F56A92979FD97008C3264 /* SphereCubeUITests.swift */ = {isa = PBXFileReference; lastKnownFileType = sourcecode.swift; path = SphereCubeUITests.swift; sourceTree = "<group>"; };
		AB0F56AB2979FD97008C3264 /* SphereCubeUITestsLaunchTests.swift */ = {isa = PBXFileReference; lastKnownFileType = sourcecode.swift; path = SphereCubeUITestsLaunchTests.swift; sourceTree = "<group>"; };
		AB0F56B8297A02C1008C3264 /* SphereParameters.swift */ = {isa = PBXFileReference; lastKnownFileType = sourcecode.swift; path = SphereParameters.swift; sourceTree = "<group>"; };
		AB0F56BC297A03CD008C3264 /* CubeParameters.swift */ = {isa = PBXFileReference; lastKnownFileType = sourcecode.swift; path = CubeParameters.swift; sourceTree = "<group>"; };
		AB0F56C0297A0992008C3264 /* Terrys code.swift */ = {isa = PBXFileReference; lastKnownFileType = sourcecode.swift; path = "Terrys code.swift"; sourceTree = "<group>"; };
/* End PBXFileReference section */

/* Begin PBXFrameworksBuildPhase section */
		AB0F56872979FD96008C3264 /* Frameworks */ = {
			isa = PBXFrameworksBuildPhase;
			buildActionMask = 2147483647;
			files = (
			);
			runOnlyForDeploymentPostprocessing = 0;
		};
		AB0F56982979FD97008C3264 /* Frameworks */ = {
			isa = PBXFrameworksBuildPhase;
			buildActionMask = 2147483647;
			files = (
			);
			runOnlyForDeploymentPostprocessing = 0;
		};
		AB0F56A22979FD97008C3264 /* Frameworks */ = {
			isa = PBXFrameworksBuildPhase;
			buildActionMask = 2147483647;
			files = (
			);
			runOnlyForDeploymentPostprocessing = 0;
		};
/* End PBXFrameworksBuildPhase section */

/* Begin PBXGroup section */
		AB0F56812979FD96008C3264 = {
			isa = PBXGroup;
			children = (
				AB0F568C2979FD96008C3264 /* SphereCube */,
				AB0F569E2979FD97008C3264 /* SphereCubeTests */,
				AB0F56A82979FD97008C3264 /* SphereCubeUITests */,
				AB0F568B2979FD96008C3264 /* Products */,
			);
			sourceTree = "<group>";
		};
		AB0F568B2979FD96008C3264 /* Products */ = {
			isa = PBXGroup;
			children = (
				AB0F568A2979FD96008C3264 /* SphereCube.app */,
				AB0F569B2979FD97008C3264 /* SphereCubeTests.xctest */,
				AB0F56A52979FD97008C3264 /* SphereCubeUITests.xctest */,
			);
			name = Products;
			sourceTree = "<group>";
		};
		AB0F568C2979FD96008C3264 /* SphereCube */ = {
			isa = PBXGroup;
			children = (
				AB0F568D2979FD96008C3264 /* SphereCubeApp.swift */,
				AB0F568F2979FD96008C3264 /* ContentView.swift */,
				AB0F56B8297A02C1008C3264 /* SphereParameters.swift */,
				AB0F56C0297A0992008C3264 /* Terrys code.swift */,
				AB0F56BC297A03CD008C3264 /* CubeParameters.swift */,
				AB0F56912979FD97008C3264 /* Assets.xcassets */,
				AB0F56932979FD97008C3264 /* SphereCube.entitlements */,
				AB0F56942979FD97008C3264 /* Preview Content */,
			);
			path = SphereCube;
			sourceTree = "<group>";
		};
		AB0F56942979FD97008C3264 /* Preview Content */ = {
			isa = PBXGroup;
			children = (
				AB0F56952979FD97008C3264 /* Preview Assets.xcassets */,
			);
			path = "Preview Content";
			sourceTree = "<group>";
		};
		AB0F569E2979FD97008C3264 /* SphereCubeTests */ = {
			isa = PBXGroup;
			children = (
				AB0F569F2979FD97008C3264 /* SphereCubeTests.swift */,
			);
			path = SphereCubeTests;
			sourceTree = "<group>";
		};
		AB0F56A82979FD97008C3264 /* SphereCubeUITests */ = {
			isa = PBXGroup;
			children = (
				AB0F56A92979FD97008C3264 /* SphereCubeUITests.swift */,
				AB0F56AB2979FD97008C3264 /* SphereCubeUITestsLaunchTests.swift */,
			);
			path = SphereCubeUITests;
			sourceTree = "<group>";
		};
/* End PBXGroup section */

/* Begin PBXNativeTarget section */
		AB0F56892979FD96008C3264 /* SphereCube */ = {
			isa = PBXNativeTarget;
			buildConfigurationList = AB0F56AF2979FD97008C3264 /* Build configuration list for PBXNativeTarget "SphereCube" */;
			buildPhases = (
				AB0F56862979FD96008C3264 /* Sources */,
				AB0F56872979FD96008C3264 /* Frameworks */,
				AB0F56882979FD96008C3264 /* Resources */,
			);
			buildRules = (
			);
			dependencies = (
			);
			name = SphereCube;
			productName = SphereCube;
			productReference = AB0F568A2979FD96008C3264 /* SphereCube.app */;
			productType = "com.apple.product-type.application";
		};
		AB0F569A2979FD97008C3264 /* SphereCubeTests */ = {
			isa = PBXNativeTarget;
			buildConfigurationList = AB0F56B22979FD97008C3264 /* Build configuration list for PBXNativeTarget "SphereCubeTests" */;
			buildPhases = (
				AB0F56972979FD97008C3264 /* Sources */,
				AB0F56982979FD97008C3264 /* Frameworks */,
				AB0F56992979FD97008C3264 /* Resources */,
			);
			buildRules = (
			);
			dependencies = (
				AB0F569D2979FD97008C3264 /* PBXTargetDependency */,
			);
			name = SphereCubeTests;
			productName = SphereCubeTests;
			productReference = AB0F569B2979FD97008C3264 /* SphereCubeTests.xctest */;
			productType = "com.apple.product-type.bundle.unit-test";
		};
		AB0F56A42979FD97008C3264 /* SphereCubeUITests */ = {
			isa = PBXNativeTarget;
			buildConfigurationList = AB0F56B52979FD97008C3264 /* Build configuration list for PBXNativeTarget "SphereCubeUITests" */;
			buildPhases = (
				AB0F56A12979FD97008C3264 /* Sources */,
				AB0F56A22979FD97008C3264 /* Frameworks */,
				AB0F56A32979FD97008C3264 /* Resources */,
			);
			buildRules = (
			);
			dependencies = (
				AB0F56A72979FD97008C3264 /* PBXTargetDependency */,
			);
			name = SphereCubeUITests;
			productName = SphereCubeUITests;
			productReference = AB0F56A52979FD97008C3264 /* SphereCubeUITests.xctest */;
			productType = "com.apple.product-type.bundle.ui-testing";
		};
/* End PBXNativeTarget section */

/* Begin PBXProject section */
		AB0F56822979FD96008C3264 /* Project object */ = {
			isa = PBXProject;
			attributes = {
				BuildIndependentTargetsInParallel = 1;
				LastSwiftUpdateCheck = 1420;
				LastUpgradeCheck = 1420;
				TargetAttributes = {
					AB0F56892979FD96008C3264 = {
						CreatedOnToolsVersion = 14.2;
					};
					AB0F569A2979FD97008C3264 = {
						CreatedOnToolsVersion = 14.2;
						TestTargetID = AB0F56892979FD96008C3264;
					};
					AB0F56A42979FD97008C3264 = {
						CreatedOnToolsVersion = 14.2;
						TestTargetID = AB0F56892979FD96008C3264;
					};
				};
			};
			buildConfigurationList = AB0F56852979FD96008C3264 /* Build configuration list for PBXProject "SphereCube" */;
			compatibilityVersion = "Xcode 14.0";
			developmentRegion = en;
			hasScannedForEncodings = 0;
			knownRegions = (
				en,
				Base,
			);
			mainGroup = AB0F56812979FD96008C3264;
			productRefGroup = AB0F568B2979FD96008C3264 /* Products */;
			projectDirPath = "";
			projectRoot = "";
			targets = (
				AB0F56892979FD96008C3264 /* SphereCube */,
				AB0F569A2979FD97008C3264 /* SphereCubeTests */,
				AB0F56A42979FD97008C3264 /* SphereCubeUITests */,
			);
		};
/* End PBXProject section */

/* Begin PBXResourcesBuildPhase section */
		AB0F56882979FD96008C3264 /* Resources */ = {
			isa = PBXResourcesBuildPhase;
			buildActionMask = 2147483647;
			files = (
				AB0F56962979FD97008C3264 /* Preview Assets.xcassets in Resources */,
				AB0F56922979FD97008C3264 /* Assets.xcassets in Resources */,
			);
			runOnlyForDeploymentPostprocessing = 0;
		};
		AB0F56992979FD97008C3264 /* Resources */ = {
			isa = PBXResourcesBuildPhase;
			buildActionMask = 2147483647;
			files = (
			);
			runOnlyForDeploymentPostprocessing = 0;
		};
		AB0F56A32979FD97008C3264 /* Resources */ = {
			isa = PBXResourcesBuildPhase;
			buildActionMask = 2147483647;
			files = (
			);
			runOnlyForDeploymentPostprocessing = 0;
		};
/* End PBXResourcesBuildPhase section */

/* Begin PBXSourcesBuildPhase section */
		AB0F56862979FD96008C3264 /* Sources */ = {
			isa = PBXSourcesBuildPhase;
			buildActionMask = 2147483647;
			files = (
				AB0F56C1297A0992008C3264 /* Terrys code.swift in Sources */,
				AB0F56B9297A02C1008C3264 /* SphereParameters.swift in Sources */,
				AB0F56902979FD96008C3264 /* ContentView.swift in Sources */,
				AB0F56BD297A03CD008C3264 /* CubeParameters.swift in Sources */,
				AB0F568E2979FD96008C3264 /* SphereCubeApp.swift in Sources */,
			);
			runOnlyForDeploymentPostprocessing = 0;
		};
		AB0F56972979FD97008C3264 /* Sources */ = {
			isa = PBXSourcesBuildPhase;
			buildActionMask = 2147483647;
			files = (
				AB0F56C2297A0992008C3264 /* Terrys code.swift in Sources */,
				AB0F56BA297A02C1008C3264 /* SphereParameters.swift in Sources */,
				AB0F56BE297A03CD008C3264 /* CubeParameters.swift in Sources */,
				AB0F56A02979FD97008C3264 /* SphereCubeTests.swift in Sources */,
			);
			runOnlyForDeploymentPostprocessing = 0;
		};
		AB0F56A12979FD97008C3264 /* Sources */ = {
			isa = PBXSourcesBuildPhase;
			buildActionMask = 2147483647;
			files = (
				AB0F56C3297A0992008C3264 /* Terrys code.swift in Sources */,
				AB0F56BB297A02C1008C3264 /* SphereParameters.swift in Sources */,
				AB0F56AC2979FD97008C3264 /* SphereCubeUITestsLaunchTests.swift in Sources */,
				AB0F56BF297A03CD008C3264 /* CubeParameters.swift in Sources */,
				AB0F56AA2979FD97008C3264 /* SphereCubeUITests.swift in Sources */,
			);
			runOnlyForDeploymentPostprocessing = 0;
		};
/* End PBXSourcesBuildPhase section */

/* Begin PBXTargetDependency section */
		AB0F569D2979FD97008C3264 /* PBXTargetDependency */ = {
			isa = PBXTargetDependency;
			target = AB0F56892979FD96008C3264 /* SphereCube */;
			targetProxy = AB0F569C2979FD97008C3264 /* PBXContainerItemProxy */;
		};
		AB0F56A72979FD97008C3264 /* PBXTargetDependency */ = {
			isa = PBXTargetDependency;
			target = AB0F56892979FD96008C3264 /* SphereCube */;
			targetProxy = AB0F56A62979FD97008C3264 /* PBXContainerItemProxy */;
		};
/* End PBXTargetDependency section */

/* Begin XCBuildConfiguration section */
		AB0F56AD2979FD97008C3264 /* Debug */ = {
			isa = XCBuildConfiguration;
			buildSettings = {
				ALWAYS_SEARCH_USER_PATHS = NO;
				CLANG_ANALYZER_NONNULL = YES;
				CLANG_ANALYZER_NUMBER_OBJECT_CONVERSION = YES_AGGRESSIVE;
				CLANG_CXX_LANGUAGE_STANDARD = "gnu++20";
				CLANG_ENABLE_MODULES = YES;
				CLANG_ENABLE_OBJC_ARC = YES;
				CLANG_ENABLE_OBJC_WEAK = YES;
				CLANG_WARN_BLOCK_CAPTURE_AUTORELEASING = YES;
				CLANG_WARN_BOOL_CONVERSION = YES;
				CLANG_WARN_COMMA = YES;
				CLANG_WARN_CONSTANT_CONVERSION = YES;
				CLANG_WARN_DEPRECATED_OBJC_IMPLEMENTATIONS = YES;
				CLANG_WARN_DIRECT_OBJC_ISA_USAGE = YES_ERROR;
				CLANG_WARN_DOCUMENTATION_COMMENTS = YES;
				CLANG_WARN_EMPTY_BODY = YES;
				CLANG_WARN_ENUM_CONVERSION = YES;
				CLANG_WARN_INFINITE_RECURSION = YES;
				CLANG_WARN_INT_CONVERSION = YES;
				CLANG_WARN_NON_LITERAL_NULL_CONVERSION = YES;
				CLANG_WARN_OBJC_IMPLICIT_RETAIN_SELF = YES;
				CLANG_WARN_OBJC_LITERAL_CONVERSION = YES;
				CLANG_WARN_OBJC_ROOT_CLASS = YES_ERROR;
				CLANG_WARN_QUOTED_INCLUDE_IN_FRAMEWORK_HEADER = YES;
				CLANG_WARN_RANGE_LOOP_ANALYSIS = YES;
				CLANG_WARN_STRICT_PROTOTYPES = YES;
				CLANG_WARN_SUSPICIOUS_MOVE = YES;
				CLANG_WARN_UNGUARDED_AVAILABILITY = YES_AGGRESSIVE;
				CLANG_WARN_UNREACHABLE_CODE = YES;
				CLANG_WARN__DUPLICATE_METHOD_MATCH = YES;
				COPY_PHASE_STRIP = NO;
				DEBUG_INFORMATION_FORMAT = dwarf;
				ENABLE_STRICT_OBJC_MSGSEND = YES;
				ENABLE_TESTABILITY = YES;
				GCC_C_LANGUAGE_STANDARD = gnu11;
				GCC_DYNAMIC_NO_PIC = NO;
				GCC_NO_COMMON_BLOCKS = YES;
				GCC_OPTIMIZATION_LEVEL = 0;
				GCC_PREPROCESSOR_DEFINITIONS = (
					"DEBUG=1",
					"$(inherited)",
				);
				GCC_WARN_64_TO_32_BIT_CONVERSION = YES;
				GCC_WARN_ABOUT_RETURN_TYPE = YES_ERROR;
				GCC_WARN_UNDECLARED_SELECTOR = YES;
				GCC_WARN_UNINITIALIZED_AUTOS = YES_AGGRESSIVE;
				GCC_WARN_UNUSED_FUNCTION = YES;
				GCC_WARN_UNUSED_VARIABLE = YES;
				MTL_ENABLE_DEBUG_INFO = INCLUDE_SOURCE;
				MTL_FAST_MATH = YES;
				ONLY_ACTIVE_ARCH = YES;
				SWIFT_ACTIVE_COMPILATION_CONDITIONS = DEBUG;
				SWIFT_OPTIMIZATION_LEVEL = "-Onone";
			};
			name = Debug;
		};
		AB0F56AE2979FD97008C3264 /* Release */ = {
			isa = XCBuildConfiguration;
			buildSettings = {
				ALWAYS_SEARCH_USER_PATHS = NO;
				CLANG_ANALYZER_NONNULL = YES;
				CLANG_ANALYZER_NUMBER_OBJECT_CONVERSION = YES_AGGRESSIVE;
				CLANG_CXX_LANGUAGE_STANDARD = "gnu++20";
				CLANG_ENABLE_MODULES = YES;
				CLANG_ENABLE_OBJC_ARC = YES;
				CLANG_ENABLE_OBJC_WEAK = YES;
				CLANG_WARN_BLOCK_CAPTURE_AUTORELEASING = YES;
				CLANG_WARN_BOOL_CONVERSION = YES;
				CLANG_WARN_COMMA = YES;
				CLANG_WARN_CONSTANT_CONVERSION = YES;
				CLANG_WARN_DEPRECATED_OBJC_IMPLEMENTATIONS = YES;
				CLANG_WARN_DIRECT_OBJC_ISA_USAGE = YES_ERROR;
				CLANG_WARN_DOCUMENTATION_COMMENTS = YES;
				CLANG_WARN_EMPTY_BODY = YES;
				CLANG_WARN_ENUM_CONVERSION = YES;
				CLANG_WARN_INFINITE_RECURSION = YES;
				CLANG_WARN_INT_CONVERSION = YES;
				CLANG_WARN_NON_LITERAL_NULL_CONVERSION = YES;
				CLANG_WARN_OBJC_IMPLICIT_RETAIN_SELF = YES;
				CLANG_WARN_OBJC_LITERAL_CONVERSION = YES;
				CLANG_WARN_OBJC_ROOT_CLASS = YES_ERROR;
				CLANG_WARN_QUOTED_INCLUDE_IN_FRAMEWORK_HEADER = YES;
				CLANG_WARN_RANGE_LOOP_ANALYSIS = YES;
				CLANG_WARN_STRICT_PROTOTYPES = YES;
				CLANG_WARN_SUSPICIOUS_MOVE = YES;
				CLANG_WARN_UNGUARDED_AVAILABILITY = YES_AGGRESSIVE;
				CLANG_WARN_UNREACHABLE_CODE = YES;
				CLANG_WARN__DUPLICATE_METHOD_MATCH = YES;
				COPY_PHASE_STRIP = NO;
				DEBUG_INFORMATION_FORMAT = "dwarf-with-dsym";
				ENABLE_NS_ASSERTIONS = NO;
				ENABLE_STRICT_OBJC_MSGSEND = YES;
				GCC_C_LANGUAGE_STANDARD = gnu11;
				GCC_NO_COMMON_BLOCKS = YES;
				GCC_WARN_64_TO_32_BIT_CONVERSION = YES;
				GCC_WARN_ABOUT_RETURN_TYPE = YES_ERROR;
				GCC_WARN_UNDECLARED_SELECTOR = YES;
				GCC_WARN_UNINITIALIZED_AUTOS = YES_AGGRESSIVE;
				GCC_WARN_UNUSED_FUNCTION = YES;
				GCC_WARN_UNUSED_VARIABLE = YES;
				MTL_ENABLE_DEBUG_INFO = NO;
				MTL_FAST_MATH = YES;
				SWIFT_COMPILATION_MODE = wholemodule;
				SWIFT_OPTIMIZATION_LEVEL = "-O";
			};
			name = Release;
		};
		AB0F56B02979FD97008C3264 /* Debug */ = {
			isa = XCBuildConfiguration;
			buildSettings = {
				ASSETCATALOG_COMPILER_APPICON_NAME = AppIcon;
				ASSETCATALOG_COMPILER_GLOBAL_ACCENT_COLOR_NAME = AccentColor;
				CODE_SIGN_ENTITLEMENTS = SphereCube/SphereCube.entitlements;
				CODE_SIGN_STYLE = Automatic;
				CURRENT_PROJECT_VERSION = 1;
				DEVELOPMENT_ASSET_PATHS = "\"SphereCube/Preview Content\"";
				ENABLE_PREVIEWS = YES;
				GENERATE_INFOPLIST_FILE = YES;
				"INFOPLIST_KEY_UIApplicationSceneManifest_Generation[sdk=iphoneos*]" = YES;
				"INFOPLIST_KEY_UIApplicationSceneManifest_Generation[sdk=iphonesimulator*]" = YES;
				"INFOPLIST_KEY_UIApplicationSupportsIndirectInputEvents[sdk=iphoneos*]" = YES;
				"INFOPLIST_KEY_UIApplicationSupportsIndirectInputEvents[sdk=iphonesimulator*]" = YES;
				"INFOPLIST_KEY_UILaunchScreen_Generation[sdk=iphoneos*]" = YES;
				"INFOPLIST_KEY_UILaunchScreen_Generation[sdk=iphonesimulator*]" = YES;
				"INFOPLIST_KEY_UIStatusBarStyle[sdk=iphoneos*]" = UIStatusBarStyleDefault;
				"INFOPLIST_KEY_UIStatusBarStyle[sdk=iphonesimulator*]" = UIStatusBarStyleDefault;
				INFOPLIST_KEY_UISupportedInterfaceOrientations_iPad = "UIInterfaceOrientationPortrait UIInterfaceOrientationPortraitUpsideDown UIInterfaceOrientationLandscapeLeft UIInterfaceOrientationLandscapeRight";
				INFOPLIST_KEY_UISupportedInterfaceOrientations_iPhone = "UIInterfaceOrientationPortrait UIInterfaceOrientationLandscapeLeft UIInterfaceOrientationLandscapeRight";
				IPHONEOS_DEPLOYMENT_TARGET = 16.2;
				LD_RUNPATH_SEARCH_PATHS = "@executable_path/Frameworks";
				"LD_RUNPATH_SEARCH_PATHS[sdk=macosx*]" = "@executable_path/../Frameworks";
				MACOSX_DEPLOYMENT_TARGET = 13.1;
				MARKETING_VERSION = 1.0;
				PRODUCT_BUNDLE_IDENTIFIER = com.NAG.SphereCube;
				PRODUCT_NAME = "$(TARGET_NAME)";
				SDKROOT = auto;
				SUPPORTED_PLATFORMS = "iphoneos iphonesimulator macosx";
				SWIFT_EMIT_LOC_STRINGS = YES;
				SWIFT_VERSION = 5.0;
				TARGETED_DEVICE_FAMILY = "1,2";
			};
			name = Debug;
		};
		AB0F56B12979FD97008C3264 /* Release */ = {
			isa = XCBuildConfiguration;
			buildSettings = {
				ASSETCATALOG_COMPILER_APPICON_NAME = AppIcon;
				ASSETCATALOG_COMPILER_GLOBAL_ACCENT_COLOR_NAME = AccentColor;
				CODE_SIGN_ENTITLEMENTS = SphereCube/SphereCube.entitlements;
				CODE_SIGN_STYLE = Automatic;
				CURRENT_PROJECT_VERSION = 1;
				DEVELOPMENT_ASSET_PATHS = "\"SphereCube/Preview Content\"";
				ENABLE_PREVIEWS = YES;
				GENERATE_INFOPLIST_FILE = YES;
				"INFOPLIST_KEY_UIApplicationSceneManifest_Generation[sdk=iphoneos*]" = YES;
				"INFOPLIST_KEY_UIApplicationSceneManifest_Generation[sdk=iphonesimulator*]" = YES;
				"INFOPLIST_KEY_UIApplicationSupportsIndirectInputEvents[sdk=iphoneos*]" = YES;
				"INFOPLIST_KEY_UIApplicationSupportsIndirectInputEvents[sdk=iphonesimulator*]" = YES;
				"INFOPLIST_KEY_UILaunchScreen_Generation[sdk=iphoneos*]" = YES;
				"INFOPLIST_KEY_UILaunchScreen_Generation[sdk=iphonesimulator*]" = YES;
				"INFOPLIST_KEY_UIStatusBarStyle[sdk=iphoneos*]" = UIStatusBarStyleDefault;
				"INFOPLIST_KEY_UIStatusBarStyle[sdk=iphonesimulator*]" = UIStatusBarStyleDefault;
				INFOPLIST_KEY_UISupportedInterfaceOrientations_iPad = "UIInterfaceOrientationPortrait UIInterfaceOrientationPortraitUpsideDown UIInterfaceOrientationLandscapeLeft UIInterfaceOrientationLandscapeRight";
				INFOPLIST_KEY_UISupportedInterfaceOrientations_iPhone = "UIInterfaceOrientationPortrait UIInterfaceOrientationLandscapeLeft UIInterfaceOrientationLandscapeRight";
				IPHONEOS_DEPLOYMENT_TARGET = 16.2;
				LD_RUNPATH_SEARCH_PATHS = "@executable_path/Frameworks";
				"LD_RUNPATH_SEARCH_PATHS[sdk=macosx*]" = "@executable_path/../Frameworks";
				MACOSX_DEPLOYMENT_TARGET = 13.1;
				MARKETING_VERSION = 1.0;
				PRODUCT_BUNDLE_IDENTIFIER = com.NAG.SphereCube;
				PRODUCT_NAME = "$(TARGET_NAME)";
				SDKROOT = auto;
				SUPPORTED_PLATFORMS = "iphoneos iphonesimulator macosx";
				SWIFT_EMIT_LOC_STRINGS = YES;
				SWIFT_VERSION = 5.0;
				TARGETED_DEVICE_FAMILY = "1,2";
			};
			name = Release;
		};
		AB0F56B32979FD97008C3264 /* Debug */ = {
			isa = XCBuildConfiguration;
			buildSettings = {
				ALWAYS_EMBED_SWIFT_STANDARD_LIBRARIES = YES;
				BUNDLE_LOADER = "$(TEST_HOST)";
				CODE_SIGN_STYLE = Automatic;
				CURRENT_PROJECT_VERSION = 1;
				GENERATE_INFOPLIST_FILE = YES;
				IPHONEOS_DEPLOYMENT_TARGET = 16.2;
				MACOSX_DEPLOYMENT_TARGET = 13.1;
				MARKETING_VERSION = 1.0;
				PRODUCT_BUNDLE_IDENTIFIER = com.NAG.SphereCubeTests;
				PRODUCT_NAME = "$(TARGET_NAME)";
				SDKROOT = auto;
				SUPPORTED_PLATFORMS = "iphoneos iphonesimulator macosx";
				SWIFT_EMIT_LOC_STRINGS = NO;
				SWIFT_VERSION = 5.0;
				TARGETED_DEVICE_FAMILY = "1,2";
				TEST_HOST = "$(BUILT_PRODUCTS_DIR)/SphereCube.app/$(BUNDLE_EXECUTABLE_FOLDER_PATH)/SphereCube";
			};
			name = Debug;
		};
		AB0F56B42979FD97008C3264 /* Release */ = {
			isa = XCBuildConfiguration;
			buildSettings = {
				ALWAYS_EMBED_SWIFT_STANDARD_LIBRARIES = YES;
				BUNDLE_LOADER = "$(TEST_HOST)";
				CODE_SIGN_STYLE = Automatic;
				CURRENT_PROJECT_VERSION = 1;
				GENERATE_INFOPLIST_FILE = YES;
				IPHONEOS_DEPLOYMENT_TARGET = 16.2;
				MACOSX_DEPLOYMENT_TARGET = 13.1;
				MARKETING_VERSION = 1.0;
				PRODUCT_BUNDLE_IDENTIFIER = com.NAG.SphereCubeTests;
				PRODUCT_NAME = "$(TARGET_NAME)";
				SDKROOT = auto;
				SUPPORTED_PLATFORMS = "iphoneos iphonesimulator macosx";
				SWIFT_EMIT_LOC_STRINGS = NO;
				SWIFT_VERSION = 5.0;
				TARGETED_DEVICE_FAMILY = "1,2";
				TEST_HOST = "$(BUILT_PRODUCTS_DIR)/SphereCube.app/$(BUNDLE_EXECUTABLE_FOLDER_PATH)/SphereCube";
			};
			name = Release;
		};
		AB0F56B62979FD97008C3264 /* Debug */ = {
			isa = XCBuildConfiguration;
			buildSettings = {
				ALWAYS_EMBED_SWIFT_STANDARD_LIBRARIES = YES;
				CODE_SIGN_STYLE = Automatic;
				CURRENT_PROJECT_VERSION = 1;
				GENERATE_INFOPLIST_FILE = YES;
				IPHONEOS_DEPLOYMENT_TARGET = 16.2;
				MACOSX_DEPLOYMENT_TARGET = 13.1;
				MARKETING_VERSION = 1.0;
				PRODUCT_BUNDLE_IDENTIFIER = com.NAG.SphereCubeUITests;
				PRODUCT_NAME = "$(TARGET_NAME)";
				SDKROOT = auto;
				SUPPORTED_PLATFORMS = "iphoneos iphonesimulator macosx";
				SWIFT_EMIT_LOC_STRINGS = NO;
				SWIFT_VERSION = 5.0;
				TARGETED_DEVICE_FAMILY = "1,2";
				TEST_TARGET_NAME = SphereCube;
			};
			name = Debug;
		};
		AB0F56B72979FD97008C3264 /* Release */ = {
			isa = XCBuildConfiguration;
			buildSettings = {
				ALWAYS_EMBED_SWIFT_STANDARD_LIBRARIES = YES;
				CODE_SIGN_STYLE = Automatic;
				CURRENT_PROJECT_VERSION = 1;
				GENERATE_INFOPLIST_FILE = YES;
				IPHONEOS_DEPLOYMENT_TARGET = 16.2;
				MACOSX_DEPLOYMENT_TARGET = 13.1;
				MARKETING_VERSION = 1.0;
				PRODUCT_BUNDLE_IDENTIFIER = com.NAG.SphereCubeUITests;
				PRODUCT_NAME = "$(TARGET_NAME)";
				SDKROOT = auto;
				SUPPORTED_PLATFORMS = "iphoneos iphonesimulator macosx";
				SWIFT_EMIT_LOC_STRINGS = NO;
				SWIFT_VERSION = 5.0;
				TARGETED_DEVICE_FAMILY = "1,2";
				TEST_TARGET_NAME = SphereCube;
			};
			name = Release;
		};
/* End XCBuildConfiguration section */

/* Begin XCConfigurationList section */
		AB0F56852979FD96008C3264 /* Build configuration list for PBXProject "SphereCube" */ = {
			isa = XCConfigurationList;
			buildConfigurations = (
				AB0F56AD2979FD97008C3264 /* Debug */,
				AB0F56AE2979FD97008C3264 /* Release */,
			);
			defaultConfigurationIsVisible = 0;
			defaultConfigurationName = Release;
		};
		AB0F56AF2979FD97008C3264 /* Build configuration list for PBXNativeTarget "SphereCube" */ = {
			isa = XCConfigurationList;
			buildConfigurations = (
				AB0F56B02979FD97008C3264 /* Debug */,
				AB0F56B12979FD97008C3264 /* Release */,
			);
			defaultConfigurationIsVisible = 0;
			defaultConfigurationName = Release;
		};
		AB0F56B22979FD97008C3264 /* Build configuration list for PBXNativeTarget "SphereCubeTests" */ = {
			isa = XCConfigurationList;
			buildConfigurations = (
				AB0F56B32979FD97008C3264 /* Debug */,
				AB0F56B42979FD97008C3264 /* Release */,
			);
			defaultConfigurationIsVisible = 0;
			defaultConfigurationName = Release;
		};
		AB0F56B52979FD97008C3264 /* Build configuration list for PBXNativeTarget "SphereCubeUITests" */ = {
			isa = XCConfigurationList;
			buildConfigurations = (
				AB0F56B62979FD97008C3264 /* Debug */,
				AB0F56B72979FD97008C3264 /* Release */,
			);
			defaultConfigurationIsVisible = 0;
			defaultConfigurationName = Release;
		};
/* End XCConfigurationList section */
	};
	rootObject = AB0F56822979FD96008C3264 /* Project object */;
}
